
Microsoft Visual Studio Solution File, Format Version 12.00
# Visual Studio Version 16
VisualStudioVersion = 16.0.32106.194
MinimumVisualStudioVersion = 10.0.40219.1
Project("{8BC9CEB8-8B4A-11D0-8D11-00A0C91BC942}") = "ConcurrentServer", "ConcurrentServer\ConcurrentServer.vcxproj", "{ABEB24A0-574F-4992-9F2F-907E81C983BE}"
EndProject
Project("{8BC9CEB8-8B4A-11D0-8D11-00A0C91BC942}") = "ServiceLibrary", "ServiceLibrary\ServiceLibrary.vcxproj", "{B182888D-D344-45E5-8FED-3DD6A095A32C}"
EndProject
Project("{8BC9CEB8-8B4A-11D0-8D11-00A0C91BC942}") = "Client", "Client\Client.vcxproj", "{A38C7CFD-562F-4123-9096-4BB6797F025D}"
EndProject
Project("{8BC9CEB8-8B4A-11D0-8D11-00A0C91BC942}") = "RemoteConsole", "RemoteConsole\RemoteConsole.vcxproj", "{4F0F04A0-6D37-435A-868F-EB216E7243F1}"
EndProject
Project("{8BC9CEB8-8B4A-11D0-8D11-00A0C91BC942}") = "TimeClient", "TimeClient\TimeClient.vcxproj", "{BA2FEBBD-EEDF-47C5-866F-45AB6AA6BEB6}"
EndProject
Global
	GlobalSection(SolutionConfigurationPlatforms) = preSolution
		Debug|x64 = Debug|x64
		Debug|x86 = Debug|x86
		Release|x64 = Release|x64
		Release|x86 = Release|x86
	EndGlobalSection
	GlobalSection(ProjectConfigurationPlatforms) = postSolution
		{ABEB24A0-574F-4992-9F2F-907E81C983BE}.Debug|x64.ActiveCfg = Debug|x64
		{ABEB24A0-574F-4992-9F2F-907E81C983BE}.Debug|x64.Build.0 = Debug|x64
		{ABEB24A0-574F-4992-9F2F-907E81C983BE}.Debug|x86.ActiveCfg = Debug|Win32
		{ABEB24A0-574F-4992-9F2F-907E81C983BE}.Debug|x86.Build.0 = Debug|Win32
		{ABEB24A0-574F-4992-9F2F-907E81C983BE}.Release|x64.ActiveCfg = Release|x64
		{ABEB24A0-574F-4992-9F2F-907E81C983BE}.Release|x64.Build.0 = Release|x64
		{ABEB24A0-574F-4992-9F2F-907E81C983BE}.Release|x86.ActiveCfg = Release|Win32
		{ABEB24A0-574F-4992-9F2F-907E81C983BE}.Release|x86.Build.0 = Release|Win32
		{B182888D-D344-45E5-8FED-3DD6A095A32C}.Debug|x64.ActiveCfg = Debug|x64
		{B182888D-D344-45E5-8FED-3DD6A095A32C}.Debug|x64.Build.0 = Debug|x64
		{B182888D-D344-45E5-8FED-3DD6A095A32C}.Debug|x86.ActiveCfg = Debug|Win32
		{B182888D-D344-45E5-8FED-3DD6A095A32C}.Debug|x86.Build.0 = Debug|Win32
		{B182888D-D344-45E5-8FED-3DD6A095A32C}.Release|x64.ActiveCfg = Release|x64
		{B182888D-D344-45E5-8FED-3DD6A095A32C}.Release|x64.Build.0 = Release|x64
		{B182888D-D344-45E5-8FED-3DD6A095A32C}.Release|x86.ActiveCfg = Release|Win32
		{B182888D-D344-45E5-8FED-3DD6A095A32C}.Release|x86.Build.0 = Release|Win32
		{A38C7CFD-562F-4123-9096-4BB6797F025D}.Debug|x64.ActiveCfg = Debug|x64
		{A38C7CFD-562F-4123-9096-4BB6797F025D}.Debug|x64.Build.0 = Debug|x64
		{A38C7CFD-562F-4123-9096-4BB6797F025D}.Debug|x86.ActiveCfg = Debug|Win32
		{A38C7CFD-562F-4123-9096-4BB6797F025D}.Debug|x86.Build.0 = Debug|Win32
		{A38C7CFD-562F-4123-9096-4BB6797F025D}.Release|x64.ActiveCfg = Release|x64
		{A38C7CFD-562F-4123-9096-4BB6797F025D}.Release|x64.Build.0 = Release|x64
		{A38C7CFD-562F-4123-9096-4BB6797F025D}.Release|x86.ActiveCfg = Release|Win32
		{A38C7CFD-562F-4123-9096-4BB6797F025D}.Release|x86.Build.0 = Release|Win32
		{4F0F04A0-6D37-435A-868F-EB216E7243F1}.Debug|x64.ActiveCfg = Debug|x64
		{4F0F04A0-6D37-435A-868F-EB216E7243F1}.Debug|x64.Build.0 = Debug|x64
		{4F0F04A0-6D37-435A-868F-EB216E7243F1}.Debug|x86.ActiveCfg = Debug|Win32
		{4F0F04A0-6D37-435A-868F-EB216E7243F1}.Debug|x86.Build.0 = Debug|Win32
		{4F0F04A0-6D37-435A-868F-EB216E7243F1}.Release|x64.ActiveCfg = Release|x64
		{4F0F04A0-6D37-435A-868F-EB216E7243F1}.Release|x64.Build.0 = Release|x64
		{4F0F04A0-6D37-435A-868F-EB216E7243F1}.Release|x86.ActiveCfg = Release|Win32
		{4F0F04A0-6D37-435A-868F-EB216E7243F1}.Release|x86.Build.0 = Release|Win32
		{BA2FEBBD-EEDF-47C5-866F-45AB6AA6BEB6}.Debug|x64.ActiveCfg = Debug|x64
		{BA2FEBBD-EEDF-47C5-866F-45AB6AA6BEB6}.Debug|x64.Build.0 = Debug|x64
		{BA2FEBBD-EEDF-47C5-866F-45AB6AA6BEB6}.Debug|x86.ActiveCfg = Debug|Win32
		{BA2FEBBD-EEDF-47C5-866F-45AB6AA6BEB6}.Debug|x86.Build.0 = Debug|Win32
		{BA2FEBBD-EEDF-47C5-866F-45AB6AA6BEB6}.Release|x64.ActiveCfg = Release|x64
		{BA2FEBBD-EEDF-47C5-866F-45AB6AA6BEB6}.Release|x64.Build.0 = Release|x64
		{BA2FEBBD-EEDF-47C5-866F-45AB6AA6BEB6}.Release|x86.ActiveCfg = Release|Win32
		{BA2FEBBD-EEDF-47C5-866F-45AB6AA6BEB6}.Release|x86.Build.0 = Release|Win32
	EndGlobalSection
	GlobalSection(SolutionProperties) = preSolution
		HideSolutionNode = FALSE
	EndGlobalSection
	GlobalSection(ExtensibilityGlobals) = postSolution
		SolutionGuid = {1EF86BB5-49A7-4B06-A137-C7F0BE6B7C2B}
	EndGlobalSection
EndGlobal
